
Microsoft Visual Studio Solution File, Format Version 12.00
# Visual Studio Version 16
VisualStudioVersion = 16.0.31313.79
MinimumVisualStudioVersion = 10.0.40219.1
Project("{FAE04EC0-301F-11D3-BF4B-00C04F79EFBC}") = "wwp.storageautomation.UnitTest", "wwp.storageautomation.UnitTest\wwp.storageautomation.UnitTest.csproj", "{BDD6D81A-A02A-4BAD-882B-E945B97B19EE}"
EndProject
Project("{FAE04EC0-301F-11D3-BF4B-00C04F79EFBC}") = "wpp.storageautomation.ProductionControl", "wpp.storageautomation.ProductionControl\wpp.storageautomation.ProductionControl.csproj", "{50A76408-E118-4083-B130-E976DFA56956}"
EndProject
Global
	GlobalSection(SolutionConfigurationPlatforms) = preSolution
		Debug|Any CPU = Debug|Any CPU
		Release|Any CPU = Release|Any CPU
	EndGlobalSection
	GlobalSection(ProjectConfigurationPlatforms) = postSolution
		{BDD6D81A-A02A-4BAD-882B-E945B97B19EE}.Debug|Any CPU.ActiveCfg = Debug|Any CPU
		{BDD6D81A-A02A-4BAD-882B-E945B97B19EE}.Debug|Any CPU.Build.0 = Debug|Any CPU
		{BDD6D81A-A02A-4BAD-882B-E945B97B19EE}.Release|Any CPU.ActiveCfg = Release|Any CPU
		{BDD6D81A-A02A-4BAD-882B-E945B97B19EE}.Release|Any CPU.Build.0 = Release|Any CPU
		{50A76408-E118-4083-B130-E976DFA56956}.Debug|Any CPU.ActiveCfg = Debug|Any CPU
		{50A76408-E118-4083-B130-E976DFA56956}.Debug|Any CPU.Build.0 = Debug|Any CPU
		{50A76408-E118-4083-B130-E976DFA56956}.Release|Any CPU.ActiveCfg = Release|Any CPU
		{50A76408-E118-4083-B130-E976DFA56956}.Release|Any CPU.Build.0 = Release|Any CPU
	EndGlobalSection
	GlobalSection(SolutionProperties) = preSolution
		HideSolutionNode = FALSE
	EndGlobalSection
	GlobalSection(ExtensibilityGlobals) = postSolution
		SolutionGuid = {693F7E7D-C3A0-4C7F-AE86-A6B836379656}
	EndGlobalSection
EndGlobal
